
Microsoft Visual Studio Solution File, Format Version 12.00
# Visual Studio Version 17
VisualStudioVersion = 17.7.34024.191
MinimumVisualStudioVersion = 10.0.40219.1
Project("{FAE04EC0-301F-11D3-BF4B-00C04F79EFBC}") = "MyFirstApp", "MyFirstApp\MyFirstApp.csproj", "{DE9723DD-C185-4890-956A-FED3CB45A794}"
EndProject
Global
	GlobalSection(SolutionConfigurationPlatforms) = preSolution
		Debug|Any CPU = Debug|Any CPU
		Release|Any CPU = Release|Any CPU
	EndGlobalSection
	GlobalSection(ProjectConfigurationPlatforms) = postSolution
		{DE9723DD-C185-4890-956A-FED3CB45A794}.Debug|Any CPU.ActiveCfg = Debug|Any CPU
		{DE9723DD-C185-4890-956A-FED3CB45A794}.Debug|Any CPU.Build.0 = Debug|Any CPU
		{DE9723DD-C185-4890-956A-FED3CB45A794}.Release|Any CPU.ActiveCfg = Release|Any CPU
		{DE9723DD-C185-4890-956A-FED3CB45A794}.Release|Any CPU.Build.0 = Release|Any CPU
	EndGlobalSection
	GlobalSection(SolutionProperties) = preSolution
		HideSolutionNode = FALSE
	EndGlobalSection
	GlobalSection(ExtensibilityGlobals) = postSolution
		SolutionGuid = {0FC43AFE-9AEC-41FE-8B0E-B618CD48D752}
	EndGlobalSection
EndGlobal
